
Microsoft Visual Studio Solution File, Format Version 12.00
# Visual Studio Version 17
VisualStudioVersion = 17.11.35222.181
MinimumVisualStudioVersion = 10.0.40219.1
Project("{F2A71F9B-5D33-465A-A702-920D77279786}") = "WebApplication1", "WebApplication1\WebApplication1.fsproj", "{5CED24CC-9163-424E-AC43-86D78EE47D30}"
EndProject
Global
	GlobalSection(SolutionConfigurationPlatforms) = preSolution
		Debug|Any CPU = Debug|Any CPU
		Release|Any CPU = Release|Any CPU
	EndGlobalSection
	GlobalSection(ProjectConfigurationPlatforms) = postSolution
		{5CED24CC-9163-424E-AC43-86D78EE47D30}.Debug|Any CPU.ActiveCfg = Debug|Any CPU
		{5CED24CC-9163-424E-AC43-86D78EE47D30}.Debug|Any CPU.Build.0 = Debug|Any CPU
		{5CED24CC-9163-424E-AC43-86D78EE47D30}.Release|Any CPU.ActiveCfg = Release|Any CPU
		{5CED24CC-9163-424E-AC43-86D78EE47D30}.Release|Any CPU.Build.0 = Release|Any CPU
	EndGlobalSection
	GlobalSection(SolutionProperties) = preSolution
		HideSolutionNode = FALSE
	EndGlobalSection
	GlobalSection(ExtensibilityGlobals) = postSolution
		SolutionGuid = {EAE84582-19A8-4F3B-8783-8453B7D37B0F}
	EndGlobalSection
EndGlobal
