
Microsoft Visual Studio Solution File, Format Version 12.00
# Visual Studio Version 17
VisualStudioVersion = 17.11.35222.181
MinimumVisualStudioVersion = 10.0.40219.1
Project("{FAE04EC0-301F-11D3-BF4B-00C04F79EFBC}") = "WebApplication3tierApp", "WebApplication3tierApp\WebApplication3tierApp.csproj", "{1839BDF7-EF23-44E5-914F-E4F8F573BE52}"
EndProject
Project("{FAE04EC0-301F-11D3-BF4B-00C04F79EFBC}") = "1CommonInfrastructure", "1CommonInfrastructure\1CommonInfrastructure.csproj", "{A8749706-06F3-4452-98EA-3A7E16E6EBE4}"
EndProject
Project("{FAE04EC0-301F-11D3-BF4B-00C04F79EFBC}") = "2DataAccessLayer", "2Data Access Layer\2DataAccessLayer.csproj", "{908A41A8-C857-4CDA-9FF6-33D70B2C67E9}"
EndProject
Project("{FAE04EC0-301F-11D3-BF4B-00C04F79EFBC}") = "3BusinessLogicLayer", "3BusinessLogicLayer\3BusinessLogicLayer.csproj", "{BE73AC7C-BAB0-44A7-BBF2-5596904CC446}"
EndProject
Project("{FAE04EC0-301F-11D3-BF4B-00C04F79EFBC}") = "4Bootstrap", "4Bootstrap\4Bootstrap.csproj", "{9C26BD03-D7B2-4504-AC00-DE1F3CD58F09}"
EndProject
Global
	GlobalSection(SolutionConfigurationPlatforms) = preSolution
		Debug|Any CPU = Debug|Any CPU
		Release|Any CPU = Release|Any CPU
	EndGlobalSection
	GlobalSection(ProjectConfigurationPlatforms) = postSolution
		{1839BDF7-EF23-44E5-914F-E4F8F573BE52}.Debug|Any CPU.ActiveCfg = Debug|Any CPU
		{1839BDF7-EF23-44E5-914F-E4F8F573BE52}.Debug|Any CPU.Build.0 = Debug|Any CPU
		{1839BDF7-EF23-44E5-914F-E4F8F573BE52}.Release|Any CPU.ActiveCfg = Release|Any CPU
		{1839BDF7-EF23-44E5-914F-E4F8F573BE52}.Release|Any CPU.Build.0 = Release|Any CPU
		{A8749706-06F3-4452-98EA-3A7E16E6EBE4}.Debug|Any CPU.ActiveCfg = Debug|Any CPU
		{A8749706-06F3-4452-98EA-3A7E16E6EBE4}.Debug|Any CPU.Build.0 = Debug|Any CPU
		{A8749706-06F3-4452-98EA-3A7E16E6EBE4}.Release|Any CPU.ActiveCfg = Release|Any CPU
		{A8749706-06F3-4452-98EA-3A7E16E6EBE4}.Release|Any CPU.Build.0 = Release|Any CPU
		{908A41A8-C857-4CDA-9FF6-33D70B2C67E9}.Debug|Any CPU.ActiveCfg = Debug|Any CPU
		{908A41A8-C857-4CDA-9FF6-33D70B2C67E9}.Debug|Any CPU.Build.0 = Debug|Any CPU
		{908A41A8-C857-4CDA-9FF6-33D70B2C67E9}.Release|Any CPU.ActiveCfg = Release|Any CPU
		{908A41A8-C857-4CDA-9FF6-33D70B2C67E9}.Release|Any CPU.Build.0 = Release|Any CPU
		{BE73AC7C-BAB0-44A7-BBF2-5596904CC446}.Debug|Any CPU.ActiveCfg = Debug|Any CPU
		{BE73AC7C-BAB0-44A7-BBF2-5596904CC446}.Debug|Any CPU.Build.0 = Debug|Any CPU
		{BE73AC7C-BAB0-44A7-BBF2-5596904CC446}.Release|Any CPU.ActiveCfg = Release|Any CPU
		{BE73AC7C-BAB0-44A7-BBF2-5596904CC446}.Release|Any CPU.Build.0 = Release|Any CPU
		{9C26BD03-D7B2-4504-AC00-DE1F3CD58F09}.Debug|Any CPU.ActiveCfg = Debug|Any CPU
		{9C26BD03-D7B2-4504-AC00-DE1F3CD58F09}.Debug|Any CPU.Build.0 = Debug|Any CPU
		{9C26BD03-D7B2-4504-AC00-DE1F3CD58F09}.Release|Any CPU.ActiveCfg = Release|Any CPU
		{9C26BD03-D7B2-4504-AC00-DE1F3CD58F09}.Release|Any CPU.Build.0 = Release|Any CPU
	EndGlobalSection
	GlobalSection(SolutionProperties) = preSolution
		HideSolutionNode = FALSE
	EndGlobalSection
	GlobalSection(ExtensibilityGlobals) = postSolution
		SolutionGuid = {4B4E87BC-DD7F-4D34-9DD6-87F7DB1A1D21}
	EndGlobalSection
EndGlobal
